{"1.1.0",
[{<<"cowboy">>,{pkg,<<"cowboy">>,<<"2.7.0">>},0},
 {<<"cowlib">>,{pkg,<<"cowlib">>,<<"2.8.0">>},1},
 {<<"epgsql">>,{pkg,<<"epgsql">>,<<"4.0.1">>},1},
 {<<"erlang_localtime">>,{pkg,<<"erlang_localtime">>,<<"1.0.0">>},0},
 {<<"goldrush">>,{pkg,<<"goldrush">>,<<"0.1.9">>},2},
 {<<"gun">>,{pkg,<<"gun">>,<<"1.3.1">>},1},
 {<<"iso8601">>,{pkg,<<"iso8601">>,<<"1.2.3">>},1},
 {<<"jiffy">>,{pkg,<<"jiffy">>,<<"1.0.1">>},0},
 {<<"lager">>,{pkg,<<"lager">>,<<"3.6.2">>},1},
 {<<"meck">>,{pkg,<<"meck">>,<<"0.8.13">>},0},
 {<<"mixer">>,{pkg,<<"inaka_mixer">>,<<"1.1.0">>},0},
 {<<"quickrand">>,{pkg,<<"quickrand">>,<<"1.5.4">>},2},
 {<<"ranch">>,{pkg,<<"ranch">>,<<"1.7.1">>},1},
 {<<"shotgun">>,{pkg,<<"shotgun">>,<<"0.4.0">>},0},
 {<<"sumo_db">>,{pkg,<<"sumo_db">>,<<"0.7.7">>},0},
 {<<"sumo_db_pgsql">>,{pkg,<<"sumo_db_pgsql">>,<<"0.2.0">>},0},
 {<<"uuid">>,{pkg,<<"uuid_erl">>,<<"1.5.2-rc1">>},1},
 {<<"worker_pool">>,{pkg,<<"worker_pool">>,<<"3.1.0">>},1}]}.
[
{pkg_hash,[
 {<<"cowboy">>, <<"91ED100138A764355F43316B1D23D7FF6BDB0DE4EA618CB5D8677C93A7A2F115">>},
 {<<"cowlib">>, <<"FD0FF1787DB84AC415B8211573E9A30A3EBE71B5CBFF7F720089972B2319C8A4">>},
 {<<"epgsql">>, <<"7F6A0DFFF22A2A87C426045FA2BD6DF105EFA094575A114BE282F7DFAF46F270">>},
 {<<"erlang_localtime">>, <<"497DFD4D13523D3E0EECDCB8D6D59857CF642A17A6BDC6133FF906FDAF2AEF21">>},
 {<<"goldrush">>, <<"F06E5D5F1277DA5C413E84D5A2924174182FB108DABB39D5EC548B27424CD106">>},
 {<<"gun">>, <<"1489FD96018431B89F401041A9CE0B02B45265247F0FDCF71273BF087C64EA4F">>},
 {<<"iso8601">>, <<"56D173EC568D42E95908797A9B7D27BCF0B377443277416733EB1A544A4A47C2">>},
 {<<"jiffy">>, <<"4F25639772CA41202F41BA9C8F6CA0933554283DD4742C90651E03471C55E341">>},
 {<<"lager">>, <<"2C72950A0E75FFD927DD35BC85EA30E7680A264C4BBD08B328250871AC456CC2">>},
 {<<"meck">>, <<"FFEDB39F99B0B99703B8601C6F17C7F76313EE12DE6B646E671E3188401F7866">>},
 {<<"mixer">>, <<"BC1DFD899A87412D4BBFF38AC33E9E38FEB0FE768A9FA9440B589C667A4C305F">>},
 {<<"quickrand">>, <<"47ADD4755CC5F209CBEFFD6F47C84061196CD7FAD99FD8FD12418EB0D06B939D">>},
 {<<"ranch">>, <<"6B1FAB51B49196860B733A49C07604465A47BDB78AA10C1C16A3D199F7F8C881">>},
 {<<"shotgun">>, <<"D9931B5F78C79169984C22F573032CCAFE03898C611DF360C0CC9D3756517746">>},
 {<<"sumo_db">>, <<"5870B6D6E73204C36173DDDFB76C4B48C21EF6DD59D6490389AA3458675B46DD">>},
 {<<"sumo_db_pgsql">>, <<"2B7A8D0A365AC6F1EF7334994DD3F842489E2B99580824DB2E5B42B69E1C37B5">>},
 {<<"uuid">>, <<"D4022AB3F4F1A28E86EA15D4075CB0C57EC908D8AF1CA2E8AF28AA815EF93C3A">>},
 {<<"worker_pool">>, <<"C908627E04057CF29940AD0E79B89AB161DB520EEBC76942EFD08A187BABF93A">>}]}
].
